// !$*UTF8*$!
{
	archiveVersion = 1;
	classes = {
	};
	objectVersion = 46;
	objects = {

/* Begin PBXBuildFile section */
		B01003B31F912CD800847A50 /* UIControl+CIKit.swift in Sources */ = {isa = PBXBuildFile; fileRef = B01003B21F912CD800847A50 /* UIControl+CIKit.swift */; };
		B01003B51F912F5F00847A50 /* CICActivityView.swift in Sources */ = {isa = PBXBuildFile; fileRef = B01003B41F912F5F00847A50 /* CICActivityView.swift */; };
		B02CA9A71F98C8CD005764FF /* CICAlertView.swift in Sources */ = {isa = PBXBuildFile; fileRef = B02CA9A61F98C8CD005764FF /* CICAlertView.swift */; };
		B03977C51F7A08040004C256 /* AutoLayout+CIKit.swift in Sources */ = {isa = PBXBuildFile; fileRef = B03977C41F7A08040004C256 /* AutoLayout+CIKit.swift */; };
		B03FB7B31F57053F008A356C /* CIComponentKit.framework in CopyFiles */ = {isa = PBXBuildFile; fileRef = B0E30BF81F55480C00DBD08C /* CIComponentKit.framework */; settings = {ATTRIBUTES = (CodeSignOnCopy, RemoveHeadersOnCopy, ); }; };
		B0403D411FB985F5004A29A6 /* CICScrollLabel.swift in Sources */ = {isa = PBXBuildFile; fileRef = B0403D401FB985F5004A29A6 /* CICScrollLabel.swift */; };
		B0457F6C1FC5764C003A61A5 /* CICButton.swift in Sources */ = {isa = PBXBuildFile; fileRef = B0457F6B1FC5764C003A61A5 /* CICButton.swift */; };
		B058645A1F9DED2700235A2A /* Array+CIKit.swift in Sources */ = {isa = PBXBuildFile; fileRef = B05864591F9DED2700235A2A /* Array+CIKit.swift */; };
		B058645F1F9EF1A100235A2A /* CIComponentKitResources.bundle in Resources */ = {isa = PBXBuildFile; fileRef = B058645E1F9EF1A100235A2A /* CIComponentKitResources.bundle */; };
		B05864611F9EFE1000235A2A /* CICNotifierView.swift in Sources */ = {isa = PBXBuildFile; fileRef = B05864601F9EFE1000235A2A /* CICNotifierView.swift */; };
		B05A7AD91F8F4A3C00C3BC04 /* CICHUD+Guide.swift in Sources */ = {isa = PBXBuildFile; fileRef = B05A7AD81F8F4A3C00C3BC04 /* CICHUD+Guide.swift */; };
		B06263621F6ACF4E00371DCB /* SecondViewController.swift in Sources */ = {isa = PBXBuildFile; fileRef = B06263611F6ACF4E00371DCB /* SecondViewController.swift */; };
		B0A766511FFDCC3400A42C9F /* RootViewController.swift in Sources */ = {isa = PBXBuildFile; fileRef = B0A766501FFDCC3300A42C9F /* RootViewController.swift */; };
		B0A766531FFDCCA900A42C9F /* RootTableViewCell.swift in Sources */ = {isa = PBXBuildFile; fileRef = B0A766521FFDCCA900A42C9F /* RootTableViewCell.swift */; };
		B0B631411F698BAB00712C1D /* DemonstrationResources.swift in Sources */ = {isa = PBXBuildFile; fileRef = B0B631401F698BAB00712C1D /* DemonstrationResources.swift */; };
		B0B80B8A1F9F4170000E13F7 /* CIComponentKitResources.swift in Sources */ = {isa = PBXBuildFile; fileRef = B0B80B891F9F4170000E13F7 /* CIComponentKitResources.swift */; };
		B0B80B8D1FA2E7C4000E13F7 /* RootCardLayout.swift in Sources */ = {isa = PBXBuildFile; fileRef = B0B80B8C1FA2E7C4000E13F7 /* RootCardLayout.swift */; };
		B0CFA4BC1F8CD8FE00A2B7A9 /* LayoutKit.framework in Frameworks */ = {isa = PBXBuildFile; fileRef = B0CFA4AA1F8CD3D600A2B7A9 /* LayoutKit.framework */; settings = {ATTRIBUTES = (Weak, ); }; };
		B0CFA99B1F6BAE2A00FB61D4 /* CICUImage.swift in Sources */ = {isa = PBXBuildFile; fileRef = B0CFA98E1F6BAE2A00FB61D4 /* CICUImage.swift */; };
		B0CFA99C1F6BAE2B00FB61D4 /* CICUIFont.swift in Sources */ = {isa = PBXBuildFile; fileRef = B0CFA98F1F6BAE2A00FB61D4 /* CICUIFont.swift */; };
		B0CFA99D1F6BAE2B00FB61D4 /* UIColor+CIKit.swift in Sources */ = {isa = PBXBuildFile; fileRef = B0CFA9901F6BAE2A00FB61D4 /* UIColor+CIKit.swift */; };
		B0CFA99E1F6BAE2B00FB61D4 /* CICLabel.swift in Sources */ = {isa = PBXBuildFile; fileRef = B0CFA9921F6BAE2A00FB61D4 /* CICLabel.swift */; };
		B0CFA99F1F6BAE2B00FB61D4 /* CICUIView.swift in Sources */ = {isa = PBXBuildFile; fileRef = B0CFA9931F6BAE2A00FB61D4 /* CICUIView.swift */; };
		B0CFA9A01F6BAE2B00FB61D4 /* CICUIViewController.swift in Sources */ = {isa = PBXBuildFile; fileRef = B0CFA9941F6BAE2A00FB61D4 /* CICUIViewController.swift */; };
		B0CFA9A11F6BAE2B00FB61D4 /* CICHUD.swift in Sources */ = {isa = PBXBuildFile; fileRef = B0CFA9951F6BAE2A00FB61D4 /* CICHUD.swift */; };
		B0CFA9A21F6BAE2B00FB61D4 /* CICTheme.swift in Sources */ = {isa = PBXBuildFile; fileRef = B0CFA9971F6BAE2A00FB61D4 /* CICTheme.swift */; };
		B0CFA9A31F6BAE2B00FB61D4 /* CICThemeConfig.swift in Sources */ = {isa = PBXBuildFile; fileRef = B0CFA9981F6BAE2A00FB61D4 /* CICThemeConfig.swift */; };
		B0CFA9A41F6BAE2B00FB61D4 /* CICAppearance.swift in Sources */ = {isa = PBXBuildFile; fileRef = B0CFA9991F6BAE2A00FB61D4 /* CICAppearance.swift */; };
		B0CFA9A51F6BAE2B00FB61D4 /* CIComponentKit.swift in Sources */ = {isa = PBXBuildFile; fileRef = B0CFA99A1F6BAE2A00FB61D4 /* CIComponentKit.swift */; };
		B0CFA9A71F6BAF7400FB61D4 /* UILabel+CIKit.swift in Sources */ = {isa = PBXBuildFile; fileRef = B0CFA9A61F6BAF7400FB61D4 /* UILabel+CIKit.swift */; };
		B0CFA9A91F6BB73400FB61D4 /* UIView+CIKit.swift in Sources */ = {isa = PBXBuildFile; fileRef = B0CFA9A81F6BB73400FB61D4 /* UIView+CIKit.swift */; };
		B0CFA9AB1F6BBAEC00FB61D4 /* String+CIKit.swift in Sources */ = {isa = PBXBuildFile; fileRef = B0CFA9AA1F6BBAEC00FB61D4 /* String+CIKit.swift */; };
		B0CFA9AE1F6BDBD200FB61D4 /* UIDevice+CIKit.swift in Sources */ = {isa = PBXBuildFile; fileRef = B0CFA9AD1F6BDBD200FB61D4 /* UIDevice+CIKit.swift */; };
		B0CFA9B01F6BDE9300FB61D4 /* CIComponentKitManager.swift in Sources */ = {isa = PBXBuildFile; fileRef = B0CFA9AF1F6BDE9300FB61D4 /* CIComponentKitManager.swift */; };
		B0E30BFD1F55480C00DBD08C /* CIComponentKit.h in Headers */ = {isa = PBXBuildFile; fileRef = B0E30BFB1F55480C00DBD08C /* CIComponentKit.h */; settings = {ATTRIBUTES = (Public, ); }; };
		B0E30C0F1F55520200DBD08C /* AppDelegate.swift in Sources */ = {isa = PBXBuildFile; fileRef = B0E30C0E1F55520200DBD08C /* AppDelegate.swift */; };
		B0E30C161F55520200DBD08C /* Assets.xcassets in Resources */ = {isa = PBXBuildFile; fileRef = B0E30C151F55520200DBD08C /* Assets.xcassets */; };
		B0E30C191F55520200DBD08C /* LaunchScreen.storyboard in Resources */ = {isa = PBXBuildFile; fileRef = B0E30C171F55520200DBD08C /* LaunchScreen.storyboard */; };
		B0E30C211F5555F000DBD08C /* CIComponentKit.framework in Frameworks */ = {isa = PBXBuildFile; fileRef = B0E30BF81F55480C00DBD08C /* CIComponentKit.framework */; };
		B0ECA34A1FB591FB00022545 /* CICHUD+BlackMask.swift in Sources */ = {isa = PBXBuildFile; fileRef = B0ECA3491FB591FB00022545 /* CICHUD+BlackMask.swift */; };
		B0ED57D21F7F4808001D1DCD /* CICHUD+Network.swift in Sources */ = {isa = PBXBuildFile; fileRef = B0ED57D11F7F4808001D1DCD /* CICHUD+Network.swift */; };
/* End PBXBuildFile section */

/* Begin PBXContainerItemProxy section */
		B03FB7AD1F5702D0008A356C /* PBXContainerItemProxy */ = {
			isa = PBXContainerItemProxy;
			containerPortal = B0E30BEF1F55480C00DBD08C /* Project object */;
			proxyType = 1;
			remoteGlobalIDString = B0E30BF71F55480C00DBD08C;
			remoteInfo = CIComponentKit;
		};
/* End PBXContainerItemProxy section */

/* Begin PBXCopyFilesBuildPhase section */
		B03FB7B21F57052F008A356C /* CopyFiles */ = {
			isa = PBXCopyFilesBuildPhase;
			buildActionMask = 2147483647;
			dstPath = "";
			dstSubfolderSpec = 10;
			files = (
				B03FB7B31F57053F008A356C /* CIComponentKit.framework in CopyFiles */,
			);
			runOnlyForDeploymentPostprocessing = 0;
		};
/* End PBXCopyFilesBuildPhase section */

/* Begin PBXFileReference section */
		B006A2621F8E0160002B701E /* SnapKit.framework */ = {isa = PBXFileReference; lastKnownFileType = wrapper.framework; name = SnapKit.framework; path = Carthage/Build/iOS/SnapKit.framework; sourceTree = "<group>"; };
		B01003B21F912CD800847A50 /* UIControl+CIKit.swift */ = {isa = PBXFileReference; lastKnownFileType = sourcecode.swift; path = "UIControl+CIKit.swift"; sourceTree = "<group>"; };
		B01003B41F912F5F00847A50 /* CICActivityView.swift */ = {isa = PBXFileReference; lastKnownFileType = sourcecode.swift; path = CICActivityView.swift; sourceTree = "<group>"; };
		B02CA9A61F98C8CD005764FF /* CICAlertView.swift */ = {isa = PBXFileReference; lastKnownFileType = sourcecode.swift; path = CICAlertView.swift; sourceTree = "<group>"; };
		B03977C41F7A08040004C256 /* AutoLayout+CIKit.swift */ = {isa = PBXFileReference; lastKnownFileType = sourcecode.swift; path = "AutoLayout+CIKit.swift"; sourceTree = "<group>"; };
		B0403D401FB985F5004A29A6 /* CICScrollLabel.swift */ = {isa = PBXFileReference; lastKnownFileType = sourcecode.swift; path = CICScrollLabel.swift; sourceTree = "<group>"; };
		B0457F6B1FC5764C003A61A5 /* CICButton.swift */ = {isa = PBXFileReference; lastKnownFileType = sourcecode.swift; path = CICButton.swift; sourceTree = "<group>"; };
		B05864591F9DED2700235A2A /* Array+CIKit.swift */ = {isa = PBXFileReference; lastKnownFileType = sourcecode.swift; path = "Array+CIKit.swift"; sourceTree = "<group>"; };
		B058645E1F9EF1A100235A2A /* CIComponentKitResources.bundle */ = {isa = PBXFileReference; lastKnownFileType = "wrapper.plug-in"; path = CIComponentKitResources.bundle; sourceTree = "<group>"; };
		B05864601F9EFE1000235A2A /* CICNotifierView.swift */ = {isa = PBXFileReference; lastKnownFileType = sourcecode.swift; path = CICNotifierView.swift; sourceTree = "<group>"; };
		B05A7AD81F8F4A3C00C3BC04 /* CICHUD+Guide.swift */ = {isa = PBXFileReference; lastKnownFileType = sourcecode.swift; path = "CICHUD+Guide.swift"; sourceTree = "<group>"; };
		B06263611F6ACF4E00371DCB /* SecondViewController.swift */ = {isa = PBXFileReference; fileEncoding = 4; lastKnownFileType = sourcecode.swift; path = SecondViewController.swift; sourceTree = "<group>"; };
		B0A766501FFDCC3300A42C9F /* RootViewController.swift */ = {isa = PBXFileReference; fileEncoding = 4; lastKnownFileType = sourcecode.swift; path = RootViewController.swift; sourceTree = "<group>"; };
		B0A766521FFDCCA900A42C9F /* RootTableViewCell.swift */ = {isa = PBXFileReference; lastKnownFileType = sourcecode.swift; path = RootTableViewCell.swift; sourceTree = "<group>"; };
		B0B631401F698BAB00712C1D /* DemonstrationResources.swift */ = {isa = PBXFileReference; fileEncoding = 4; lastKnownFileType = sourcecode.swift; path = DemonstrationResources.swift; sourceTree = "<group>"; };
		B0B80B891F9F4170000E13F7 /* CIComponentKitResources.swift */ = {isa = PBXFileReference; lastKnownFileType = sourcecode.swift; path = CIComponentKitResources.swift; sourceTree = "<group>"; };
		B0B80B8C1FA2E7C4000E13F7 /* RootCardLayout.swift */ = {isa = PBXFileReference; lastKnownFileType = sourcecode.swift; path = RootCardLayout.swift; sourceTree = "<group>"; };
		B0CFA4AA1F8CD3D600A2B7A9 /* LayoutKit.framework */ = {isa = PBXFileReference; lastKnownFileType = wrapper.framework; name = LayoutKit.framework; path = Carthage/Build/iOS/LayoutKit.framework; sourceTree = "<group>"; };
		B0CFA98E1F6BAE2A00FB61D4 /* CICUImage.swift */ = {isa = PBXFileReference; fileEncoding = 4; lastKnownFileType = sourcecode.swift; path = CICUImage.swift; sourceTree = "<group>"; };
		B0CFA98F1F6BAE2A00FB61D4 /* CICUIFont.swift */ = {isa = PBXFileReference; fileEncoding = 4; lastKnownFileType = sourcecode.swift; path = CICUIFont.swift; sourceTree = "<group>"; };
		B0CFA9901F6BAE2A00FB61D4 /* UIColor+CIKit.swift */ = {isa = PBXFileReference; fileEncoding = 4; lastKnownFileType = sourcecode.swift; path = "UIColor+CIKit.swift"; sourceTree = "<group>"; };
		B0CFA9921F6BAE2A00FB61D4 /* CICLabel.swift */ = {isa = PBXFileReference; fileEncoding = 4; lastKnownFileType = sourcecode.swift; path = CICLabel.swift; sourceTree = "<group>"; };
		B0CFA9931F6BAE2A00FB61D4 /* CICUIView.swift */ = {isa = PBXFileReference; fileEncoding = 4; lastKnownFileType = sourcecode.swift; path = CICUIView.swift; sourceTree = "<group>"; };
		B0CFA9941F6BAE2A00FB61D4 /* CICUIViewController.swift */ = {isa = PBXFileReference; fileEncoding = 4; lastKnownFileType = sourcecode.swift; path = CICUIViewController.swift; sourceTree = "<group>"; };
		B0CFA9951F6BAE2A00FB61D4 /* CICHUD.swift */ = {isa = PBXFileReference; fileEncoding = 4; lastKnownFileType = sourcecode.swift; path = CICHUD.swift; sourceTree = "<group>"; };
		B0CFA9971F6BAE2A00FB61D4 /* CICTheme.swift */ = {isa = PBXFileReference; fileEncoding = 4; lastKnownFileType = sourcecode.swift; path = CICTheme.swift; sourceTree = "<group>"; };
		B0CFA9981F6BAE2A00FB61D4 /* CICThemeConfig.swift */ = {isa = PBXFileReference; fileEncoding = 4; lastKnownFileType = sourcecode.swift; path = CICThemeConfig.swift; sourceTree = "<group>"; };
		B0CFA9991F6BAE2A00FB61D4 /* CICAppearance.swift */ = {isa = PBXFileReference; fileEncoding = 4; lastKnownFileType = sourcecode.swift; path = CICAppearance.swift; sourceTree = "<group>"; };
		B0CFA99A1F6BAE2A00FB61D4 /* CIComponentKit.swift */ = {isa = PBXFileReference; fileEncoding = 4; lastKnownFileType = sourcecode.swift; path = CIComponentKit.swift; sourceTree = "<group>"; };
		B0CFA9A61F6BAF7400FB61D4 /* UILabel+CIKit.swift */ = {isa = PBXFileReference; fileEncoding = 4; lastKnownFileType = sourcecode.swift; path = "UILabel+CIKit.swift"; sourceTree = "<group>"; };
		B0CFA9A81F6BB73400FB61D4 /* UIView+CIKit.swift */ = {isa = PBXFileReference; fileEncoding = 4; lastKnownFileType = sourcecode.swift; path = "UIView+CIKit.swift"; sourceTree = "<group>"; };
		B0CFA9AA1F6BBAEC00FB61D4 /* String+CIKit.swift */ = {isa = PBXFileReference; fileEncoding = 4; lastKnownFileType = sourcecode.swift; path = "String+CIKit.swift"; sourceTree = "<group>"; };
		B0CFA9AD1F6BDBD200FB61D4 /* UIDevice+CIKit.swift */ = {isa = PBXFileReference; fileEncoding = 4; lastKnownFileType = sourcecode.swift; path = "UIDevice+CIKit.swift"; sourceTree = "<group>"; };
		B0CFA9AF1F6BDE9300FB61D4 /* CIComponentKitManager.swift */ = {isa = PBXFileReference; fileEncoding = 4; lastKnownFileType = sourcecode.swift; path = CIComponentKitManager.swift; sourceTree = "<group>"; };
		B0E30BF81F55480C00DBD08C /* CIComponentKit.framework */ = {isa = PBXFileReference; explicitFileType = wrapper.framework; includeInIndex = 0; path = CIComponentKit.framework; sourceTree = BUILT_PRODUCTS_DIR; };
		B0E30BFB1F55480C00DBD08C /* CIComponentKit.h */ = {isa = PBXFileReference; lastKnownFileType = sourcecode.c.h; path = CIComponentKit.h; sourceTree = "<group>"; };
		B0E30BFC1F55480C00DBD08C /* Info.plist */ = {isa = PBXFileReference; lastKnownFileType = text.plist.xml; path = Info.plist; sourceTree = "<group>"; };
		B0E30C0C1F55520200DBD08C /* CIComponentKitDemo.app */ = {isa = PBXFileReference; explicitFileType = wrapper.application; includeInIndex = 0; path = CIComponentKitDemo.app; sourceTree = BUILT_PRODUCTS_DIR; };
		B0E30C0E1F55520200DBD08C /* AppDelegate.swift */ = {isa = PBXFileReference; lastKnownFileType = sourcecode.swift; path = AppDelegate.swift; sourceTree = "<group>"; };
		B0E30C151F55520200DBD08C /* Assets.xcassets */ = {isa = PBXFileReference; lastKnownFileType = folder.assetcatalog; path = Assets.xcassets; sourceTree = "<group>"; };
		B0E30C181F55520200DBD08C /* Base */ = {isa = PBXFileReference; lastKnownFileType = file.storyboard; name = Base; path = Base.lproj/LaunchScreen.storyboard; sourceTree = "<group>"; };
		B0E30C1A1F55520300DBD08C /* Info.plist */ = {isa = PBXFileReference; lastKnownFileType = text.plist.xml; path = Info.plist; sourceTree = "<group>"; };
		B0ECA3491FB591FB00022545 /* CICHUD+BlackMask.swift */ = {isa = PBXFileReference; lastKnownFileType = sourcecode.swift; path = "CICHUD+BlackMask.swift"; sourceTree = "<group>"; };
		B0ED57D11F7F4808001D1DCD /* CICHUD+Network.swift */ = {isa = PBXFileReference; lastKnownFileType = sourcecode.swift; path = "CICHUD+Network.swift"; sourceTree = "<group>"; };
/* End PBXFileReference section */

/* Begin PBXFrameworksBuildPhase section */
		B0E30BF41F55480C00DBD08C /* Frameworks */ = {
			isa = PBXFrameworksBuildPhase;
			buildActionMask = 2147483647;
			files = (
			);
			runOnlyForDeploymentPostprocessing = 0;
		};
		B0E30C091F55520200DBD08C /* Frameworks */ = {
			isa = PBXFrameworksBuildPhase;
			buildActionMask = 2147483647;
			files = (
				B0CFA4BC1F8CD8FE00A2B7A9 /* LayoutKit.framework in Frameworks */,
				B0E30C211F5555F000DBD08C /* CIComponentKit.framework in Frameworks */,
			);
			runOnlyForDeploymentPostprocessing = 0;
		};
/* End PBXFrameworksBuildPhase section */

/* Begin PBXGroup section */
		B00C1D0D1F8C684500D5D86C /* Frameworks */ = {
			isa = PBXGroup;
			children = (
				B006A2621F8E0160002B701E /* SnapKit.framework */,
				B0CFA4AA1F8CD3D600A2B7A9 /* LayoutKit.framework */,
			);
			name = Frameworks;
			sourceTree = "<group>";
		};
		B058645B1F9EEF3A00235A2A /* CICResources */ = {
			isa = PBXGroup;
			children = (
				B058645E1F9EF1A100235A2A /* CIComponentKitResources.bundle */,
				B0B80B891F9F4170000E13F7 /* CIComponentKitResources.swift */,
			);
			path = CICResources;
			sourceTree = "<group>";
		};
		B0A7664F1FFDCC3300A42C9F /* Root */ = {
			isa = PBXGroup;
			children = (
				B0A766501FFDCC3300A42C9F /* RootViewController.swift */,
			);
			path = Root;
			sourceTree = "<group>";
		};
		B0B80B8B1FA2E7AB000E13F7 /* View */ = {
			isa = PBXGroup;
			children = (
				B0B80B8C1FA2E7C4000E13F7 /* RootCardLayout.swift */,
				B0A766521FFDCCA900A42C9F /* RootTableViewCell.swift */,
			);
			path = View;
			sourceTree = "<group>";
		};
		B0CFA98D1F6BAE2A00FB61D4 /* CICExtensions */ = {
			isa = PBXGroup;
			children = (
				B0CFA98E1F6BAE2A00FB61D4 /* CICUImage.swift */,
				B0CFA98F1F6BAE2A00FB61D4 /* CICUIFont.swift */,
				B0CFA9901F6BAE2A00FB61D4 /* UIColor+CIKit.swift */,
				B0CFA9A61F6BAF7400FB61D4 /* UILabel+CIKit.swift */,
				B0CFA9A81F6BB73400FB61D4 /* UIView+CIKit.swift */,
				B0CFA9AA1F6BBAEC00FB61D4 /* String+CIKit.swift */,
				B0CFA9AD1F6BDBD200FB61D4 /* UIDevice+CIKit.swift */,
				B03977C41F7A08040004C256 /* AutoLayout+CIKit.swift */,
				B01003B21F912CD800847A50 /* UIControl+CIKit.swift */,
				B05864591F9DED2700235A2A /* Array+CIKit.swift */,
			);
			path = CICExtensions;
			sourceTree = "<group>";
		};
		B0CFA9911F6BAE2A00FB61D4 /* CIComponentKit */ = {
			isa = PBXGroup;
			children = (
				B0CFA9921F6BAE2A00FB61D4 /* CICLabel.swift */,
				B0457F6B1FC5764C003A61A5 /* CICButton.swift */,
				B0403D401FB985F5004A29A6 /* CICScrollLabel.swift */,
				B0CFA9931F6BAE2A00FB61D4 /* CICUIView.swift */,
				B0CFA9941F6BAE2A00FB61D4 /* CICUIViewController.swift */,
				B0CFA9951F6BAE2A00FB61D4 /* CICHUD.swift */,
				B0ECA3491FB591FB00022545 /* CICHUD+BlackMask.swift */,
				B0ED57D11F7F4808001D1DCD /* CICHUD+Network.swift */,
				B05A7AD81F8F4A3C00C3BC04 /* CICHUD+Guide.swift */,
				B01003B41F912F5F00847A50 /* CICActivityView.swift */,
				B02CA9A61F98C8CD005764FF /* CICAlertView.swift */,
				B05864601F9EFE1000235A2A /* CICNotifierView.swift */,
			);
			path = CIComponentKit;
			sourceTree = "<group>";
		};
		B0CFA9961F6BAE2A00FB61D4 /* CICTheme */ = {
			isa = PBXGroup;
			children = (
				B0CFA9AF1F6BDE9300FB61D4 /* CIComponentKitManager.swift */,
				B0CFA9971F6BAE2A00FB61D4 /* CICTheme.swift */,
				B0CFA9981F6BAE2A00FB61D4 /* CICThemeConfig.swift */,
				B0CFA9991F6BAE2A00FB61D4 /* CICAppearance.swift */,
			);
			path = CICTheme;
			sourceTree = "<group>";
		};
		B0E30BEE1F55480C00DBD08C = {
			isa = PBXGroup;
			children = (
				B0E30C051F554F4800DBD08C /* Sources */,
				B0E30BFA1F55480C00DBD08C /* CIComponentKit */,
				B0E30C0D1F55520200DBD08C /* CIComponentKitDemo */,
				B0E30BF91F55480C00DBD08C /* Products */,
				B00C1D0D1F8C684500D5D86C /* Frameworks */,
			);
			sourceTree = "<group>";
		};
		B0E30BF91F55480C00DBD08C /* Products */ = {
			isa = PBXGroup;
			children = (
				B0E30BF81F55480C00DBD08C /* CIComponentKit.framework */,
				B0E30C0C1F55520200DBD08C /* CIComponentKitDemo.app */,
			);
			name = Products;
			sourceTree = "<group>";
		};
		B0E30BFA1F55480C00DBD08C /* CIComponentKit */ = {
			isa = PBXGroup;
			children = (
				B0E30BFB1F55480C00DBD08C /* CIComponentKit.h */,
				B0E30BFC1F55480C00DBD08C /* Info.plist */,
			);
			path = CIComponentKit;
			sourceTree = "<group>";
		};
		B0E30C051F554F4800DBD08C /* Sources */ = {
			isa = PBXGroup;
			children = (
				B058645B1F9EEF3A00235A2A /* CICResources */,
				B0CFA98D1F6BAE2A00FB61D4 /* CICExtensions */,
				B0CFA9911F6BAE2A00FB61D4 /* CIComponentKit */,
				B0CFA9961F6BAE2A00FB61D4 /* CICTheme */,
				B0CFA99A1F6BAE2A00FB61D4 /* CIComponentKit.swift */,
			);
			path = Sources;
			sourceTree = "<group>";
		};
		B0E30C0D1F55520200DBD08C /* CIComponentKitDemo */ = {
			isa = PBXGroup;
			children = (
				B0B80B8B1FA2E7AB000E13F7 /* View */,
				B0E868191FA23A4C00A786B9 /* ViewControllers */,
				B0E30C0E1F55520200DBD08C /* AppDelegate.swift */,
				B0E30C151F55520200DBD08C /* Assets.xcassets */,
				B0E30C171F55520200DBD08C /* LaunchScreen.storyboard */,
				B0E30C1A1F55520300DBD08C /* Info.plist */,
				B0B631401F698BAB00712C1D /* DemonstrationResources.swift */,
			);
			path = CIComponentKitDemo;
			sourceTree = "<group>";
		};
		B0E868191FA23A4C00A786B9 /* ViewControllers */ = {
			isa = PBXGroup;
			children = (
				B0A7664F1FFDCC3300A42C9F /* Root */,
				B06263611F6ACF4E00371DCB /* SecondViewController.swift */,
			);
			path = ViewControllers;
			sourceTree = "<group>";
		};
/* End PBXGroup section */

/* Begin PBXHeadersBuildPhase section */
		B0E30BF51F55480C00DBD08C /* Headers */ = {
			isa = PBXHeadersBuildPhase;
			buildActionMask = 2147483647;
			files = (
				B0E30BFD1F55480C00DBD08C /* CIComponentKit.h in Headers */,
			);
			runOnlyForDeploymentPostprocessing = 0;
		};
/* End PBXHeadersBuildPhase section */

/* Begin PBXNativeTarget section */
		B0E30BF71F55480C00DBD08C /* CIComponentKit */ = {
			isa = PBXNativeTarget;
			buildConfigurationList = B0E30C001F55480C00DBD08C /* Build configuration list for PBXNativeTarget "CIComponentKit" */;
			buildPhases = (
				B0E30BF31F55480C00DBD08C /* Sources */,
				B0E30BF41F55480C00DBD08C /* Frameworks */,
				B0E30BF51F55480C00DBD08C /* Headers */,
				B0E30BF61F55480C00DBD08C /* Resources */,
			);
			buildRules = (
			);
			dependencies = (
			);
			name = CIComponentKit;
			productName = CIComponentKit;
			productReference = B0E30BF81F55480C00DBD08C /* CIComponentKit.framework */;
			productType = "com.apple.product-type.framework";
		};
		B0E30C0B1F55520200DBD08C /* CIComponentKitDemo */ = {
			isa = PBXNativeTarget;
			buildConfigurationList = B0E30C1B1F55520300DBD08C /* Build configuration list for PBXNativeTarget "CIComponentKitDemo" */;
			buildPhases = (
				B0E30C081F55520200DBD08C /* Sources */,
				B0E30C091F55520200DBD08C /* Frameworks */,
				B0E30C0A1F55520200DBD08C /* Resources */,
				B03FB7B21F57052F008A356C /* CopyFiles */,
				B0CFA4BD1F8CD9D000A2B7A9 /* Carthage Support */,
				B0D35DCE1FB1B1ED0056A806 /* Swift lint */,
			);
			buildRules = (
			);
			dependencies = (
				B03FB7AE1F5702D0008A356C /* PBXTargetDependency */,
			);
			name = CIComponentKitDemo;
			productName = CIComponentKitDemo;
			productReference = B0E30C0C1F55520200DBD08C /* CIComponentKitDemo.app */;
			productType = "com.apple.product-type.application";
		};
/* End PBXNativeTarget section */

/* Begin PBXProject section */
		B0E30BEF1F55480C00DBD08C /* Project object */ = {
			isa = PBXProject;
			attributes = {
				LastSwiftUpdateCheck = 0830;
				LastUpgradeCheck = 0900;
				ORGANIZATIONNAME = club.codeinventor;
				TargetAttributes = {
					B0E30BF71F55480C00DBD08C = {
						CreatedOnToolsVersion = 8.3.3;
						DevelopmentTeam = 67442AUEW4;
						LastSwiftMigration = 0830;
						ProvisioningStyle = Automatic;
					};
					B0E30C0B1F55520200DBD08C = {
						CreatedOnToolsVersion = 8.3.3;
						DevelopmentTeam = 67442AUEW4;
						ProvisioningStyle = Automatic;
					};
				};
			};
			buildConfigurationList = B0E30BF21F55480C00DBD08C /* Build configuration list for PBXProject "CIComponentKit" */;
			compatibilityVersion = "Xcode 3.2";
			developmentRegion = English;
			hasScannedForEncodings = 0;
			knownRegions = (
				en,
				Base,
			);
			mainGroup = B0E30BEE1F55480C00DBD08C;
			productRefGroup = B0E30BF91F55480C00DBD08C /* Products */;
			projectDirPath = "";
			projectRoot = "";
			targets = (
				B0E30BF71F55480C00DBD08C /* CIComponentKit */,
				B0E30C0B1F55520200DBD08C /* CIComponentKitDemo */,
			);
		};
/* End PBXProject section */

/* Begin PBXResourcesBuildPhase section */
		B0E30BF61F55480C00DBD08C /* Resources */ = {
			isa = PBXResourcesBuildPhase;
			buildActionMask = 2147483647;
			files = (
				B058645F1F9EF1A100235A2A /* CIComponentKitResources.bundle in Resources */,
			);
			runOnlyForDeploymentPostprocessing = 0;
		};
		B0E30C0A1F55520200DBD08C /* Resources */ = {
			isa = PBXResourcesBuildPhase;
			buildActionMask = 2147483647;
			files = (
				B0E30C191F55520200DBD08C /* LaunchScreen.storyboard in Resources */,
				B0E30C161F55520200DBD08C /* Assets.xcassets in Resources */,
			);
			runOnlyForDeploymentPostprocessing = 0;
		};
/* End PBXResourcesBuildPhase section */

/* Begin PBXShellScriptBuildPhase section */
		B0CFA4BD1F8CD9D000A2B7A9 /* Carthage Support */ = {
			isa = PBXShellScriptBuildPhase;
			buildActionMask = 2147483647;
			files = (
			);
			inputPaths = (
				"$(SRCROOT)/Carthage/Build/iOS/LayoutKit.framework",
			);
			name = "Carthage Support";
			outputPaths = (
			);
			runOnlyForDeploymentPostprocessing = 0;
			shellPath = /bin/sh;
			shellScript = "/usr/local/bin/carthage copy-frameworks";
		};
		B0D35DCE1FB1B1ED0056A806 /* Swift lint */ = {
			isa = PBXShellScriptBuildPhase;
			buildActionMask = 2147483647;
			files = (
			);
			inputPaths = (
			);
			name = "Swift lint";
			outputPaths = (
			);
			runOnlyForDeploymentPostprocessing = 0;
			shellPath = /bin/sh;
			shellScript = "if which swiftlint >/dev/null; then\nswiftlint\nelse\necho \"warning: SwiftLint not installed, download from https://github.com/realm/SwiftLint\"\nfi";
		};
/* End PBXShellScriptBuildPhase section */

/* Begin PBXSourcesBuildPhase section */
		B0E30BF31F55480C00DBD08C /* Sources */ = {
			isa = PBXSourcesBuildPhase;
			buildActionMask = 2147483647;
			files = (
				B0CFA9A01F6BAE2B00FB61D4 /* CICUIViewController.swift in Sources */,
				B0CFA9AB1F6BBAEC00FB61D4 /* String+CIKit.swift in Sources */,
				B0CFA9A51F6BAE2B00FB61D4 /* CIComponentKit.swift in Sources */,
				B0CFA99E1F6BAE2B00FB61D4 /* CICLabel.swift in Sources */,
				B0ED57D21F7F4808001D1DCD /* CICHUD+Network.swift in Sources */,
				B0CFA99C1F6BAE2B00FB61D4 /* CICUIFont.swift in Sources */,
				B0CFA9A21F6BAE2B00FB61D4 /* CICTheme.swift in Sources */,
				B03977C51F7A08040004C256 /* AutoLayout+CIKit.swift in Sources */,
				B0CFA99F1F6BAE2B00FB61D4 /* CICUIView.swift in Sources */,
				B0B80B8A1F9F4170000E13F7 /* CIComponentKitResources.swift in Sources */,
				B0CFA9A11F6BAE2B00FB61D4 /* CICHUD.swift in Sources */,
				B0CFA9B01F6BDE9300FB61D4 /* CIComponentKitManager.swift in Sources */,
				B01003B51F912F5F00847A50 /* CICActivityView.swift in Sources */,
				B0CFA9A71F6BAF7400FB61D4 /* UILabel+CIKit.swift in Sources */,
				B05A7AD91F8F4A3C00C3BC04 /* CICHUD+Guide.swift in Sources */,
				B0CFA99B1F6BAE2A00FB61D4 /* CICUImage.swift in Sources */,
				B02CA9A71F98C8CD005764FF /* CICAlertView.swift in Sources */,
				B0457F6C1FC5764C003A61A5 /* CICButton.swift in Sources */,
				B058645A1F9DED2700235A2A /* Array+CIKit.swift in Sources */,
				B0CFA9A41F6BAE2B00FB61D4 /* CICAppearance.swift in Sources */,
				B0403D411FB985F5004A29A6 /* CICScrollLabel.swift in Sources */,
				B0ECA34A1FB591FB00022545 /* CICHUD+BlackMask.swift in Sources */,
				B05864611F9EFE1000235A2A /* CICNotifierView.swift in Sources */,
				B0CFA99D1F6BAE2B00FB61D4 /* UIColor+CIKit.swift in Sources */,
				B0CFA9A91F6BB73400FB61D4 /* UIView+CIKit.swift in Sources */,
				B0CFA9A31F6BAE2B00FB61D4 /* CICThemeConfig.swift in Sources */,
				B01003B31F912CD800847A50 /* UIControl+CIKit.swift in Sources */,
				B0CFA9AE1F6BDBD200FB61D4 /* UIDevice+CIKit.swift in Sources */,
			);
			runOnlyForDeploymentPostprocessing = 0;
		};
		B0E30C081F55520200DBD08C /* Sources */ = {
			isa = PBXSourcesBuildPhase;
			buildActionMask = 2147483647;
			files = (
				B0A766511FFDCC3400A42C9F /* RootViewController.swift in Sources */,
				B0B80B8D1FA2E7C4000E13F7 /* RootCardLayout.swift in Sources */,
				B06263621F6ACF4E00371DCB /* SecondViewController.swift in Sources */,
				B0A766531FFDCCA900A42C9F /* RootTableViewCell.swift in Sources */,
				B0B631411F698BAB00712C1D /* DemonstrationResources.swift in Sources */,
				B0E30C0F1F55520200DBD08C /* AppDelegate.swift in Sources */,
			);
			runOnlyForDeploymentPostprocessing = 0;
		};
/* End PBXSourcesBuildPhase section */

/* Begin PBXTargetDependency section */
		B03FB7AE1F5702D0008A356C /* PBXTargetDependency */ = {
			isa = PBXTargetDependency;
			target = B0E30BF71F55480C00DBD08C /* CIComponentKit */;
			targetProxy = B03FB7AD1F5702D0008A356C /* PBXContainerItemProxy */;
		};
/* End PBXTargetDependency section */

/* Begin PBXVariantGroup section */
		B0E30C171F55520200DBD08C /* LaunchScreen.storyboard */ = {
			isa = PBXVariantGroup;
			children = (
				B0E30C181F55520200DBD08C /* Base */,
			);
			name = LaunchScreen.storyboard;
			sourceTree = "<group>";
		};
/* End PBXVariantGroup section */

/* Begin XCBuildConfiguration section */
		B0E30BFE1F55480C00DBD08C /* Debug */ = {
			isa = XCBuildConfiguration;
			buildSettings = {
				ALWAYS_SEARCH_USER_PATHS = NO;
				CLANG_ANALYZER_NONNULL = YES;
				CLANG_ANALYZER_NUMBER_OBJECT_CONVERSION = YES_AGGRESSIVE;
				CLANG_CXX_LANGUAGE_STANDARD = "gnu++0x";
				CLANG_CXX_LIBRARY = "libc++";
				CLANG_ENABLE_MODULES = YES;
				CLANG_ENABLE_OBJC_ARC = YES;
				CLANG_WARN_BLOCK_CAPTURE_AUTORELEASING = YES;
				CLANG_WARN_BOOL_CONVERSION = YES;
				CLANG_WARN_COMMA = YES;
				CLANG_WARN_CONSTANT_CONVERSION = YES;
				CLANG_WARN_DIRECT_OBJC_ISA_USAGE = YES_ERROR;
				CLANG_WARN_DOCUMENTATION_COMMENTS = YES;
				CLANG_WARN_EMPTY_BODY = YES;
				CLANG_WARN_ENUM_CONVERSION = YES;
				CLANG_WARN_INFINITE_RECURSION = YES;
				CLANG_WARN_INT_CONVERSION = YES;
				CLANG_WARN_NON_LITERAL_NULL_CONVERSION = YES;
				CLANG_WARN_OBJC_LITERAL_CONVERSION = YES;
				CLANG_WARN_OBJC_ROOT_CLASS = YES_ERROR;
				CLANG_WARN_RANGE_LOOP_ANALYSIS = YES;
				CLANG_WARN_STRICT_PROTOTYPES = YES;
				CLANG_WARN_SUSPICIOUS_MOVE = YES;
				CLANG_WARN_UNREACHABLE_CODE = YES;
				CLANG_WARN__DUPLICATE_METHOD_MATCH = YES;
				"CODE_SIGN_IDENTITY[sdk=iphoneos*]" = "iPhone Developer";
				COPY_PHASE_STRIP = NO;
				CURRENT_PROJECT_VERSION = 1;
				DEBUG_INFORMATION_FORMAT = dwarf;
				ENABLE_STRICT_OBJC_MSGSEND = YES;
				ENABLE_TESTABILITY = YES;
				GCC_C_LANGUAGE_STANDARD = gnu99;
				GCC_DYNAMIC_NO_PIC = NO;
				GCC_NO_COMMON_BLOCKS = YES;
				GCC_OPTIMIZATION_LEVEL = 0;
				GCC_PREPROCESSOR_DEFINITIONS = (
					"DEBUG=1",
					"$(inherited)",
				);
				GCC_WARN_64_TO_32_BIT_CONVERSION = YES;
				GCC_WARN_ABOUT_RETURN_TYPE = YES_ERROR;
				GCC_WARN_UNDECLARED_SELECTOR = YES;
				GCC_WARN_UNINITIALIZED_AUTOS = YES_AGGRESSIVE;
				GCC_WARN_UNUSED_FUNCTION = YES;
				GCC_WARN_UNUSED_VARIABLE = YES;
				IPHONEOS_DEPLOYMENT_TARGET = 8.0;
				MTL_ENABLE_DEBUG_INFO = YES;
				ONLY_ACTIVE_ARCH = YES;
				SDKROOT = iphoneos;
				SWIFT_ACTIVE_COMPILATION_CONDITIONS = DEBUG;
				SWIFT_OPTIMIZATION_LEVEL = "-Onone";
				TARGETED_DEVICE_FAMILY = "1,2";
				VERSIONING_SYSTEM = "apple-generic";
				VERSION_INFO_PREFIX = "";
			};
			name = Debug;
		};
		B0E30BFF1F55480C00DBD08C /* Release */ = {
			isa = XCBuildConfiguration;
			buildSettings = {
				ALWAYS_SEARCH_USER_PATHS = NO;
				CLANG_ANALYZER_NONNULL = YES;
				CLANG_ANALYZER_NUMBER_OBJECT_CONVERSION = YES_AGGRESSIVE;
				CLANG_CXX_LANGUAGE_STANDARD = "gnu++0x";
				CLANG_CXX_LIBRARY = "libc++";
				CLANG_ENABLE_MODULES = YES;
				CLANG_ENABLE_OBJC_ARC = YES;
				CLANG_WARN_BLOCK_CAPTURE_AUTORELEASING = YES;
				CLANG_WARN_BOOL_CONVERSION = YES;
				CLANG_WARN_COMMA = YES;
				CLANG_WARN_CONSTANT_CONVERSION = YES;
				CLANG_WARN_DIRECT_OBJC_ISA_USAGE = YES_ERROR;
				CLANG_WARN_DOCUMENTATION_COMMENTS = YES;
				CLANG_WARN_EMPTY_BODY = YES;
				CLANG_WARN_ENUM_CONVERSION = YES;
				CLANG_WARN_INFINITE_RECURSION = YES;
				CLANG_WARN_INT_CONVERSION = YES;
				CLANG_WARN_NON_LITERAL_NULL_CONVERSION = YES;
				CLANG_WARN_OBJC_LITERAL_CONVERSION = YES;
				CLANG_WARN_OBJC_ROOT_CLASS = YES_ERROR;
				CLANG_WARN_RANGE_LOOP_ANALYSIS = YES;
				CLANG_WARN_STRICT_PROTOTYPES = YES;
				CLANG_WARN_SUSPICIOUS_MOVE = YES;
				CLANG_WARN_UNREACHABLE_CODE = YES;
				CLANG_WARN__DUPLICATE_METHOD_MATCH = YES;
				"CODE_SIGN_IDENTITY[sdk=iphoneos*]" = "iPhone Developer";
				COPY_PHASE_STRIP = NO;
				CURRENT_PROJECT_VERSION = 1;
				DEBUG_INFORMATION_FORMAT = "dwarf-with-dsym";
				ENABLE_NS_ASSERTIONS = NO;
				ENABLE_STRICT_OBJC_MSGSEND = YES;
				GCC_C_LANGUAGE_STANDARD = gnu99;
				GCC_NO_COMMON_BLOCKS = YES;
				GCC_WARN_64_TO_32_BIT_CONVERSION = YES;
				GCC_WARN_ABOUT_RETURN_TYPE = YES_ERROR;
				GCC_WARN_UNDECLARED_SELECTOR = YES;
				GCC_WARN_UNINITIALIZED_AUTOS = YES_AGGRESSIVE;
				GCC_WARN_UNUSED_FUNCTION = YES;
				GCC_WARN_UNUSED_VARIABLE = YES;
				IPHONEOS_DEPLOYMENT_TARGET = 8.0;
				MTL_ENABLE_DEBUG_INFO = NO;
				SDKROOT = iphoneos;
				SWIFT_OPTIMIZATION_LEVEL = "-Owholemodule";
				TARGETED_DEVICE_FAMILY = "1,2";
				VALIDATE_PRODUCT = YES;
				VERSIONING_SYSTEM = "apple-generic";
				VERSION_INFO_PREFIX = "";
			};
			name = Release;
		};
		B0E30C011F55480C00DBD08C /* Debug */ = {
			isa = XCBuildConfiguration;
			buildSettings = {
				CLANG_ENABLE_MODULES = YES;
				CODE_SIGN_IDENTITY = "";
				"CODE_SIGN_IDENTITY[sdk=iphoneos*]" = "";
				DEFINES_MODULE = YES;
				DEVELOPMENT_TEAM = 67442AUEW4;
				DYLIB_COMPATIBILITY_VERSION = 1;
				DYLIB_CURRENT_VERSION = 1;
				DYLIB_INSTALL_NAME_BASE = "@rpath";
				FRAMEWORK_SEARCH_PATHS = (
					"$(inherited)",
					"$(PROJECT_DIR)/Carthage/Build/iOS",
				);
				INFOPLIST_FILE = CIComponentKit/Info.plist;
				INSTALL_PATH = "$(LOCAL_LIBRARY_DIR)/Frameworks";
				IPHONEOS_DEPLOYMENT_TARGET = 8.0;
				LD_RUNPATH_SEARCH_PATHS = "$(inherited) @executable_path/Frameworks @loader_path/Frameworks";
				PRODUCT_BUNDLE_IDENTIFIER = com.codeinventor.group.CIComponentKit;
				PRODUCT_NAME = "$(TARGET_NAME)";
				PROVISIONING_PROFILE_SPECIFIER = "";
				SKIP_INSTALL = YES;
				SWIFT_OPTIMIZATION_LEVEL = "-Onone";
				SWIFT_VERSION = 4.0;
			};
			name = Debug;
		};
		B0E30C021F55480C00DBD08C /* Release */ = {
			isa = XCBuildConfiguration;
			buildSettings = {
				CLANG_ENABLE_MODULES = YES;
				CODE_SIGN_IDENTITY = "";
				"CODE_SIGN_IDENTITY[sdk=iphoneos*]" = "";
				DEFINES_MODULE = YES;
				DEVELOPMENT_TEAM = 67442AUEW4;
				DYLIB_COMPATIBILITY_VERSION = 1;
				DYLIB_CURRENT_VERSION = 1;
				DYLIB_INSTALL_NAME_BASE = "@rpath";
				FRAMEWORK_SEARCH_PATHS = (
					"$(inherited)",
					"$(PROJECT_DIR)/Carthage/Build/iOS",
				);
				INFOPLIST_FILE = CIComponentKit/Info.plist;
				INSTALL_PATH = "$(LOCAL_LIBRARY_DIR)/Frameworks";
				IPHONEOS_DEPLOYMENT_TARGET = 8.0;
				LD_RUNPATH_SEARCH_PATHS = "$(inherited) @executable_path/Frameworks @loader_path/Frameworks";
				PRODUCT_BUNDLE_IDENTIFIER = com.codeinventor.group.CIComponentKit;
				PRODUCT_NAME = "$(TARGET_NAME)";
				PROVISIONING_PROFILE_SPECIFIER = "";
				SKIP_INSTALL = YES;
				SWIFT_VERSION = 4.0;
			};
			name = Release;
		};
		B0E30C1C1F55520300DBD08C /* Debug */ = {
			isa = XCBuildConfiguration;
			buildSettings = {
				ALWAYS_EMBED_SWIFT_STANDARD_LIBRARIES = YES;
				ASSETCATALOG_COMPILER_APPICON_NAME = AppIcon;
				"CODE_SIGN_IDENTITY[sdk=iphoneos*]" = "iPhone Developer";
				CODE_SIGN_STYLE = Automatic;
				DEVELOPMENT_TEAM = 67442AUEW4;
				FRAMEWORK_SEARCH_PATHS = (
					"$(inherited)",
					"$(PROJECT_DIR)/Carthage/Build/iOS",
				);
				INFOPLIST_FILE = CIComponentKitDemo/Info.plist;
				IPHONEOS_DEPLOYMENT_TARGET = 8.0;
				LD_RUNPATH_SEARCH_PATHS = "$(inherited) @executable_path/Frameworks";
				PRODUCT_BUNDLE_IDENTIFIER = com.manoboo.CIComponentKitDemo;
				PRODUCT_NAME = "$(TARGET_NAME)";
				PROVISIONING_PROFILE_SPECIFIER = "";
				SWIFT_VERSION = 4.0;
			};
			name = Debug;
		};
		B0E30C1D1F55520300DBD08C /* Release */ = {
			isa = XCBuildConfiguration;
			buildSettings = {
				ALWAYS_EMBED_SWIFT_STANDARD_LIBRARIES = YES;
				ASSETCATALOG_COMPILER_APPICON_NAME = AppIcon;
				"CODE_SIGN_IDENTITY[sdk=iphoneos*]" = "iPhone Developer";
				CODE_SIGN_STYLE = Automatic;
				DEVELOPMENT_TEAM = 67442AUEW4;
				FRAMEWORK_SEARCH_PATHS = (
					"$(inherited)",
					"$(PROJECT_DIR)/Carthage/Build/iOS",
				);
				INFOPLIST_FILE = CIComponentKitDemo/Info.plist;
				IPHONEOS_DEPLOYMENT_TARGET = 8.0;
				LD_RUNPATH_SEARCH_PATHS = "$(inherited) @executable_path/Frameworks";
				PRODUCT_BUNDLE_IDENTIFIER = com.manoboo.CIComponentKitDemo;
				PRODUCT_NAME = "$(TARGET_NAME)";
				PROVISIONING_PROFILE_SPECIFIER = "";
				SWIFT_VERSION = 4.0;
			};
			name = Release;
		};
/* End XCBuildConfiguration section */

/* Begin XCConfigurationList section */
		B0E30BF21F55480C00DBD08C /* Build configuration list for PBXProject "CIComponentKit" */ = {
			isa = XCConfigurationList;
			buildConfigurations = (
				B0E30BFE1F55480C00DBD08C /* Debug */,
				B0E30BFF1F55480C00DBD08C /* Release */,
			);
			defaultConfigurationIsVisible = 0;
			defaultConfigurationName = Release;
		};
		B0E30C001F55480C00DBD08C /* Build configuration list for PBXNativeTarget "CIComponentKit" */ = {
			isa = XCConfigurationList;
			buildConfigurations = (
				B0E30C011F55480C00DBD08C /* Debug */,
				B0E30C021F55480C00DBD08C /* Release */,
			);
			defaultConfigurationIsVisible = 0;
			defaultConfigurationName = Release;
		};
		B0E30C1B1F55520300DBD08C /* Build configuration list for PBXNativeTarget "CIComponentKitDemo" */ = {
			isa = XCConfigurationList;
			buildConfigurations = (
				B0E30C1C1F55520300DBD08C /* Debug */,
				B0E30C1D1F55520300DBD08C /* Release */,
			);
			defaultConfigurationIsVisible = 0;
			defaultConfigurationName = Release;
		};
/* End XCConfigurationList section */
	};
	rootObject = B0E30BEF1F55480C00DBD08C /* Project object */;
}
