// !$*UTF8*$!
{
	archiveVersion = 1;
	classes = {
	};
	objectVersion = 46;
	objects = {

/* Begin PBXBuildFile section */
		B016F4E11F6A2DC700BE4CD3 /* DemonstrationResources.swift in Sources */ = {isa = PBXBuildFile; fileRef = B016F4E01F6A2DC700BE4CD3 /* DemonstrationResources.swift */; };
		B01C7E191F67E03A0001C6AF /* CICUImage.swift in Sources */ = {isa = PBXBuildFile; fileRef = B01C7E181F67E03A0001C6AF /* CICUImage.swift */; };
		B01FEDCC1F6A7C67005CF333 /* SecondViewController.swift in Sources */ = {isa = PBXBuildFile; fileRef = B01FEDCB1F6A7C67005CF333 /* SecondViewController.swift */; };
		B03013B11F56615700C9F61F /* CICUIColor.swift in Headers */ = {isa = PBXBuildFile; fileRef = B03013AF1F565C9700C9F61F /* CICUIColor.swift */; settings = {ATTRIBUTES = (Public, ); }; };
		B03013B31F56816800C9F61F /* CICUIViewController.swift in Sources */ = {isa = PBXBuildFile; fileRef = B03013B21F56816800C9F61F /* CICUIViewController.swift */; };
		B03013B51F568D9500C9F61F /* CICAppearance.swift in Sources */ = {isa = PBXBuildFile; fileRef = B03013B41F568D9500C9F61F /* CICAppearance.swift */; };
		B03013B71F56A6A600C9F61F /* CICTheme.swift in Sources */ = {isa = PBXBuildFile; fileRef = B03013B61F56A6A600C9F61F /* CICTheme.swift */; };
		B03013B81F56CA5E00C9F61F /* CICAppearance.swift in Headers */ = {isa = PBXBuildFile; fileRef = B03013B41F568D9500C9F61F /* CICAppearance.swift */; settings = {ATTRIBUTES = (Public, ); }; };
		B03013B91F56CA5E00C9F61F /* CICTheme.swift in Headers */ = {isa = PBXBuildFile; fileRef = B03013B61F56A6A600C9F61F /* CICTheme.swift */; settings = {ATTRIBUTES = (Public, ); }; };
		B03013BA1F56CB5600C9F61F /* CICUIColor.swift in Sources */ = {isa = PBXBuildFile; fileRef = B03013AF1F565C9700C9F61F /* CICUIColor.swift */; };
		B03FB7B31F57053F008A356C /* CIComponentKit.framework in CopyFiles */ = {isa = PBXBuildFile; fileRef = B0E30BF81F55480C00DBD08C /* CIComponentKit.framework */; settings = {ATTRIBUTES = (CodeSignOnCopy, RemoveHeadersOnCopy, ); }; };
		B06474621F66CCF90009A826 /* CICUILabel.swift in Sources */ = {isa = PBXBuildFile; fileRef = B06474611F66CCF90009A826 /* CICUILabel.swift */; };
		B06474641F66CD180009A826 /* CICUIView.swift in Sources */ = {isa = PBXBuildFile; fileRef = B06474631F66CD180009A826 /* CICUIView.swift */; };
		B0A110581F593804006CA69A /* CICThemeConfig.swift in Sources */ = {isa = PBXBuildFile; fileRef = B0A110571F593804006CA69A /* CICThemeConfig.swift */; };
		B0A1105A1F593BD5006CA69A /* CICUIFont.swift in Sources */ = {isa = PBXBuildFile; fileRef = B0A110591F593BD5006CA69A /* CICUIFont.swift */; };
		B0A1105B1F59418D006CA69A /* CICThemeConfig.swift in Headers */ = {isa = PBXBuildFile; fileRef = B0A110571F593804006CA69A /* CICThemeConfig.swift */; settings = {ATTRIBUTES = (Public, ); }; };
		B0A1105D1F59419F006CA69A /* CICUIFont.swift in Headers */ = {isa = PBXBuildFile; fileRef = B0A110591F593BD5006CA69A /* CICUIFont.swift */; settings = {ATTRIBUTES = (Public, ); }; };
		B0A1105E1F59419F006CA69A /* CICUIViewController.swift in Headers */ = {isa = PBXBuildFile; fileRef = B03013B21F56816800C9F61F /* CICUIViewController.swift */; settings = {ATTRIBUTES = (Public, ); }; };
		B0E30BFD1F55480C00DBD08C /* CIComponentKit.h in Headers */ = {isa = PBXBuildFile; fileRef = B0E30BFB1F55480C00DBD08C /* CIComponentKit.h */; settings = {ATTRIBUTES = (Public, ); }; };
		B0E30C0F1F55520200DBD08C /* AppDelegate.swift in Sources */ = {isa = PBXBuildFile; fileRef = B0E30C0E1F55520200DBD08C /* AppDelegate.swift */; };
		B0E30C111F55520200DBD08C /* ViewController.swift in Sources */ = {isa = PBXBuildFile; fileRef = B0E30C101F55520200DBD08C /* ViewController.swift */; };
		B0E30C141F55520200DBD08C /* Main.storyboard in Resources */ = {isa = PBXBuildFile; fileRef = B0E30C121F55520200DBD08C /* Main.storyboard */; };
		B0E30C161F55520200DBD08C /* Assets.xcassets in Resources */ = {isa = PBXBuildFile; fileRef = B0E30C151F55520200DBD08C /* Assets.xcassets */; };
		B0E30C191F55520200DBD08C /* LaunchScreen.storyboard in Resources */ = {isa = PBXBuildFile; fileRef = B0E30C171F55520200DBD08C /* LaunchScreen.storyboard */; };
		B0E30C1F1F5553DA00DBD08C /* CIComponentKit.swift in Sources */ = {isa = PBXBuildFile; fileRef = B0E30C1E1F5553DA00DBD08C /* CIComponentKit.swift */; };
		B0E30C201F55542A00DBD08C /* CIComponentKit.swift in Headers */ = {isa = PBXBuildFile; fileRef = B0E30C1E1F5553DA00DBD08C /* CIComponentKit.swift */; settings = {ATTRIBUTES = (Public, ); }; };
		B0E30C211F5555F000DBD08C /* CIComponentKit.framework in Frameworks */ = {isa = PBXBuildFile; fileRef = B0E30BF81F55480C00DBD08C /* CIComponentKit.framework */; };
		B0E30C231F555F5500DBD08C /* CICUIToastView.swift in Sources */ = {isa = PBXBuildFile; fileRef = B0E30C221F555F5500DBD08C /* CICUIToastView.swift */; };
		B0E30C241F555FA100DBD08C /* CICUIToastView.swift in Headers */ = {isa = PBXBuildFile; fileRef = B0E30C221F555F5500DBD08C /* CICUIToastView.swift */; settings = {ATTRIBUTES = (Public, ); }; };
/* End PBXBuildFile section */

/* Begin PBXContainerItemProxy section */
		B03FB7AD1F5702D0008A356C /* PBXContainerItemProxy */ = {
			isa = PBXContainerItemProxy;
			containerPortal = B0E30BEF1F55480C00DBD08C /* Project object */;
			proxyType = 1;
			remoteGlobalIDString = B0E30BF71F55480C00DBD08C;
			remoteInfo = CIComponentKit;
		};
/* End PBXContainerItemProxy section */

/* Begin PBXCopyFilesBuildPhase section */
		B03FB7B21F57052F008A356C /* CopyFiles */ = {
			isa = PBXCopyFilesBuildPhase;
			buildActionMask = 2147483647;
			dstPath = "";
			dstSubfolderSpec = 10;
			files = (
				B03FB7B31F57053F008A356C /* CIComponentKit.framework in CopyFiles */,
			);
			runOnlyForDeploymentPostprocessing = 0;
		};
/* End PBXCopyFilesBuildPhase section */

/* Begin PBXFileReference section */
		B016F4E01F6A2DC700BE4CD3 /* DemonstrationResources.swift */ = {isa = PBXFileReference; fileEncoding = 4; lastKnownFileType = sourcecode.swift; path = DemonstrationResources.swift; sourceTree = "<group>"; };
		B01C7E181F67E03A0001C6AF /* CICUImage.swift */ = {isa = PBXFileReference; fileEncoding = 4; lastKnownFileType = sourcecode.swift; path = CICUImage.swift; sourceTree = "<group>"; };
		B01FEDCB1F6A7C67005CF333 /* SecondViewController.swift */ = {isa = PBXFileReference; fileEncoding = 4; lastKnownFileType = sourcecode.swift; path = SecondViewController.swift; sourceTree = "<group>"; };
		B03013AF1F565C9700C9F61F /* CICUIColor.swift */ = {isa = PBXFileReference; fileEncoding = 4; lastKnownFileType = sourcecode.swift; path = CICUIColor.swift; sourceTree = "<group>"; };
		B03013B21F56816800C9F61F /* CICUIViewController.swift */ = {isa = PBXFileReference; fileEncoding = 4; lastKnownFileType = sourcecode.swift; path = CICUIViewController.swift; sourceTree = "<group>"; };
		B03013B41F568D9500C9F61F /* CICAppearance.swift */ = {isa = PBXFileReference; fileEncoding = 4; lastKnownFileType = sourcecode.swift; path = CICAppearance.swift; sourceTree = "<group>"; };
		B03013B61F56A6A600C9F61F /* CICTheme.swift */ = {isa = PBXFileReference; fileEncoding = 4; lastKnownFileType = sourcecode.swift; path = CICTheme.swift; sourceTree = "<group>"; };
		B06474611F66CCF90009A826 /* CICUILabel.swift */ = {isa = PBXFileReference; fileEncoding = 4; lastKnownFileType = sourcecode.swift; path = CICUILabel.swift; sourceTree = "<group>"; };
		B06474631F66CD180009A826 /* CICUIView.swift */ = {isa = PBXFileReference; fileEncoding = 4; lastKnownFileType = sourcecode.swift; path = CICUIView.swift; sourceTree = "<group>"; };
		B0A110571F593804006CA69A /* CICThemeConfig.swift */ = {isa = PBXFileReference; fileEncoding = 4; lastKnownFileType = sourcecode.swift; path = CICThemeConfig.swift; sourceTree = "<group>"; };
		B0A110591F593BD5006CA69A /* CICUIFont.swift */ = {isa = PBXFileReference; fileEncoding = 4; lastKnownFileType = sourcecode.swift; path = CICUIFont.swift; sourceTree = "<group>"; };
		B0E30BF81F55480C00DBD08C /* CIComponentKit.framework */ = {isa = PBXFileReference; explicitFileType = wrapper.framework; includeInIndex = 0; path = CIComponentKit.framework; sourceTree = BUILT_PRODUCTS_DIR; };
		B0E30BFB1F55480C00DBD08C /* CIComponentKit.h */ = {isa = PBXFileReference; lastKnownFileType = sourcecode.c.h; path = CIComponentKit.h; sourceTree = "<group>"; };
		B0E30BFC1F55480C00DBD08C /* Info.plist */ = {isa = PBXFileReference; lastKnownFileType = text.plist.xml; path = Info.plist; sourceTree = "<group>"; };
		B0E30C0C1F55520200DBD08C /* CIComponentKitDemo.app */ = {isa = PBXFileReference; explicitFileType = wrapper.application; includeInIndex = 0; path = CIComponentKitDemo.app; sourceTree = BUILT_PRODUCTS_DIR; };
		B0E30C0E1F55520200DBD08C /* AppDelegate.swift */ = {isa = PBXFileReference; lastKnownFileType = sourcecode.swift; path = AppDelegate.swift; sourceTree = "<group>"; };
		B0E30C101F55520200DBD08C /* ViewController.swift */ = {isa = PBXFileReference; lastKnownFileType = sourcecode.swift; path = ViewController.swift; sourceTree = "<group>"; };
		B0E30C131F55520200DBD08C /* Base */ = {isa = PBXFileReference; lastKnownFileType = file.storyboard; name = Base; path = Base.lproj/Main.storyboard; sourceTree = "<group>"; };
		B0E30C151F55520200DBD08C /* Assets.xcassets */ = {isa = PBXFileReference; lastKnownFileType = folder.assetcatalog; path = Assets.xcassets; sourceTree = "<group>"; };
		B0E30C181F55520200DBD08C /* Base */ = {isa = PBXFileReference; lastKnownFileType = file.storyboard; name = Base; path = Base.lproj/LaunchScreen.storyboard; sourceTree = "<group>"; };
		B0E30C1A1F55520300DBD08C /* Info.plist */ = {isa = PBXFileReference; lastKnownFileType = text.plist.xml; path = Info.plist; sourceTree = "<group>"; };
		B0E30C1E1F5553DA00DBD08C /* CIComponentKit.swift */ = {isa = PBXFileReference; fileEncoding = 4; lastKnownFileType = sourcecode.swift; path = CIComponentKit.swift; sourceTree = "<group>"; };
		B0E30C221F555F5500DBD08C /* CICUIToastView.swift */ = {isa = PBXFileReference; fileEncoding = 4; lastKnownFileType = sourcecode.swift; path = CICUIToastView.swift; sourceTree = "<group>"; };
/* End PBXFileReference section */

/* Begin PBXFrameworksBuildPhase section */
		B0E30BF41F55480C00DBD08C /* Frameworks */ = {
			isa = PBXFrameworksBuildPhase;
			buildActionMask = 2147483647;
			files = (
			);
			runOnlyForDeploymentPostprocessing = 0;
		};
		B0E30C091F55520200DBD08C /* Frameworks */ = {
			isa = PBXFrameworksBuildPhase;
			buildActionMask = 2147483647;
			files = (
				B0E30C211F5555F000DBD08C /* CIComponentKit.framework in Frameworks */,
			);
			runOnlyForDeploymentPostprocessing = 0;
		};
/* End PBXFrameworksBuildPhase section */

/* Begin PBXGroup section */
		B03013AE1F565C7A00C9F61F /* ExtensionTools */ = {
			isa = PBXGroup;
			children = (
				B03013AF1F565C9700C9F61F /* CICUIColor.swift */,
				B03013B41F568D9500C9F61F /* CICAppearance.swift */,
				B03013B61F56A6A600C9F61F /* CICTheme.swift */,
				B0A110571F593804006CA69A /* CICThemeConfig.swift */,
				B0A110591F593BD5006CA69A /* CICUIFont.swift */,
				B06474631F66CD180009A826 /* CICUIView.swift */,
				B01C7E181F67E03A0001C6AF /* CICUImage.swift */,
			);
			path = ExtensionTools;
			sourceTree = "<group>";
		};
		B0E30BEE1F55480C00DBD08C = {
			isa = PBXGroup;
			children = (
				B03013AE1F565C7A00C9F61F /* ExtensionTools */,
				B0E30C051F554F4800DBD08C /* Sources */,
				B0E30BFA1F55480C00DBD08C /* CIComponentKit */,
				B0E30C0D1F55520200DBD08C /* CIComponentKitDemo */,
				B0E30BF91F55480C00DBD08C /* Products */,
			);
			sourceTree = "<group>";
		};
		B0E30BF91F55480C00DBD08C /* Products */ = {
			isa = PBXGroup;
			children = (
				B0E30BF81F55480C00DBD08C /* CIComponentKit.framework */,
				B0E30C0C1F55520200DBD08C /* CIComponentKitDemo.app */,
			);
			name = Products;
			sourceTree = "<group>";
		};
		B0E30BFA1F55480C00DBD08C /* CIComponentKit */ = {
			isa = PBXGroup;
			children = (
				B0E30BFB1F55480C00DBD08C /* CIComponentKit.h */,
				B0E30BFC1F55480C00DBD08C /* Info.plist */,
			);
			path = CIComponentKit;
			sourceTree = "<group>";
		};
		B0E30C051F554F4800DBD08C /* Sources */ = {
			isa = PBXGroup;
			children = (
				B06474611F66CCF90009A826 /* CICUILabel.swift */,
				B0E30C1E1F5553DA00DBD08C /* CIComponentKit.swift */,
				B0E30C221F555F5500DBD08C /* CICUIToastView.swift */,
				B03013B21F56816800C9F61F /* CICUIViewController.swift */,
			);
			path = Sources;
			sourceTree = "<group>";
		};
		B0E30C0D1F55520200DBD08C /* CIComponentKitDemo */ = {
			isa = PBXGroup;
			children = (
				B016F4E01F6A2DC700BE4CD3 /* DemonstrationResources.swift */,
				B0E30C0E1F55520200DBD08C /* AppDelegate.swift */,
				B0E30C101F55520200DBD08C /* ViewController.swift */,
				B01FEDCB1F6A7C67005CF333 /* SecondViewController.swift */,
				B0E30C121F55520200DBD08C /* Main.storyboard */,
				B0E30C151F55520200DBD08C /* Assets.xcassets */,
				B0E30C171F55520200DBD08C /* LaunchScreen.storyboard */,
				B0E30C1A1F55520300DBD08C /* Info.plist */,
			);
			path = CIComponentKitDemo;
			sourceTree = "<group>";
		};
/* End PBXGroup section */

/* Begin PBXHeadersBuildPhase section */
		B0E30BF51F55480C00DBD08C /* Headers */ = {
			isa = PBXHeadersBuildPhase;
			buildActionMask = 2147483647;
			files = (
				B0E30BFD1F55480C00DBD08C /* CIComponentKit.h in Headers */,
				B0E30C201F55542A00DBD08C /* CIComponentKit.swift in Headers */,
				B0E30C241F555FA100DBD08C /* CICUIToastView.swift in Headers */,
				B03013B91F56CA5E00C9F61F /* CICTheme.swift in Headers */,
				B03013B81F56CA5E00C9F61F /* CICAppearance.swift in Headers */,
				B0A1105B1F59418D006CA69A /* CICThemeConfig.swift in Headers */,
				B0A1105D1F59419F006CA69A /* CICUIFont.swift in Headers */,
				B0A1105E1F59419F006CA69A /* CICUIViewController.swift in Headers */,
				B03013B11F56615700C9F61F /* CICUIColor.swift in Headers */,
			);
			runOnlyForDeploymentPostprocessing = 0;
		};
/* End PBXHeadersBuildPhase section */

/* Begin PBXNativeTarget section */
		B0E30BF71F55480C00DBD08C /* CIComponentKit */ = {
			isa = PBXNativeTarget;
			buildConfigurationList = B0E30C001F55480C00DBD08C /* Build configuration list for PBXNativeTarget "CIComponentKit" */;
			buildPhases = (
				B0E30BF31F55480C00DBD08C /* Sources */,
				B0E30BF41F55480C00DBD08C /* Frameworks */,
				B0E30BF51F55480C00DBD08C /* Headers */,
				B0E30BF61F55480C00DBD08C /* Resources */,
			);
			buildRules = (
			);
			dependencies = (
			);
			name = CIComponentKit;
			productName = CIComponentKit;
			productReference = B0E30BF81F55480C00DBD08C /* CIComponentKit.framework */;
			productType = "com.apple.product-type.framework";
		};
		B0E30C0B1F55520200DBD08C /* CIComponentKitDemo */ = {
			isa = PBXNativeTarget;
			buildConfigurationList = B0E30C1B1F55520300DBD08C /* Build configuration list for PBXNativeTarget "CIComponentKitDemo" */;
			buildPhases = (
				B0E30C081F55520200DBD08C /* Sources */,
				B0E30C091F55520200DBD08C /* Frameworks */,
				B0E30C0A1F55520200DBD08C /* Resources */,
				B03FB7B21F57052F008A356C /* CopyFiles */,
			);
			buildRules = (
			);
			dependencies = (
				B03FB7AE1F5702D0008A356C /* PBXTargetDependency */,
			);
			name = CIComponentKitDemo;
			productName = CIComponentKitDemo;
			productReference = B0E30C0C1F55520200DBD08C /* CIComponentKitDemo.app */;
			productType = "com.apple.product-type.application";
		};
/* End PBXNativeTarget section */

/* Begin PBXProject section */
		B0E30BEF1F55480C00DBD08C /* Project object */ = {
			isa = PBXProject;
			attributes = {
				LastSwiftUpdateCheck = 0830;
				LastUpgradeCheck = 0830;
				ORGANIZATIONNAME = club.codeinventor;
				TargetAttributes = {
					B0E30BF71F55480C00DBD08C = {
						CreatedOnToolsVersion = 8.3.3;
						DevelopmentTeam = 67442AUEW4;
						LastSwiftMigration = 0830;
						ProvisioningStyle = Automatic;
					};
					B0E30C0B1F55520200DBD08C = {
						CreatedOnToolsVersion = 8.3.3;
						DevelopmentTeam = 67442AUEW4;
						ProvisioningStyle = Automatic;
					};
				};
			};
			buildConfigurationList = B0E30BF21F55480C00DBD08C /* Build configuration list for PBXProject "CIComponentKit" */;
			compatibilityVersion = "Xcode 3.2";
			developmentRegion = English;
			hasScannedForEncodings = 0;
			knownRegions = (
				en,
				Base,
			);
			mainGroup = B0E30BEE1F55480C00DBD08C;
			productRefGroup = B0E30BF91F55480C00DBD08C /* Products */;
			projectDirPath = "";
			projectRoot = "";
			targets = (
				B0E30BF71F55480C00DBD08C /* CIComponentKit */,
				B0E30C0B1F55520200DBD08C /* CIComponentKitDemo */,
			);
		};
/* End PBXProject section */

/* Begin PBXResourcesBuildPhase section */
		B0E30BF61F55480C00DBD08C /* Resources */ = {
			isa = PBXResourcesBuildPhase;
			buildActionMask = 2147483647;
			files = (
			);
			runOnlyForDeploymentPostprocessing = 0;
		};
		B0E30C0A1F55520200DBD08C /* Resources */ = {
			isa = PBXResourcesBuildPhase;
			buildActionMask = 2147483647;
			files = (
				B0E30C191F55520200DBD08C /* LaunchScreen.storyboard in Resources */,
				B0E30C161F55520200DBD08C /* Assets.xcassets in Resources */,
				B0E30C141F55520200DBD08C /* Main.storyboard in Resources */,
			);
			runOnlyForDeploymentPostprocessing = 0;
		};
/* End PBXResourcesBuildPhase section */

/* Begin PBXSourcesBuildPhase section */
		B0E30BF31F55480C00DBD08C /* Sources */ = {
			isa = PBXSourcesBuildPhase;
			buildActionMask = 2147483647;
			files = (
				B0A1105A1F593BD5006CA69A /* CICUIFont.swift in Sources */,
				B03013BA1F56CB5600C9F61F /* CICUIColor.swift in Sources */,
				B03013B51F568D9500C9F61F /* CICAppearance.swift in Sources */,
				B0E30C231F555F5500DBD08C /* CICUIToastView.swift in Sources */,
				B06474641F66CD180009A826 /* CICUIView.swift in Sources */,
				B01C7E191F67E03A0001C6AF /* CICUImage.swift in Sources */,
				B0E30C1F1F5553DA00DBD08C /* CIComponentKit.swift in Sources */,
				B0A110581F593804006CA69A /* CICThemeConfig.swift in Sources */,
				B03013B71F56A6A600C9F61F /* CICTheme.swift in Sources */,
				B06474621F66CCF90009A826 /* CICUILabel.swift in Sources */,
				B03013B31F56816800C9F61F /* CICUIViewController.swift in Sources */,
			);
			runOnlyForDeploymentPostprocessing = 0;
		};
		B0E30C081F55520200DBD08C /* Sources */ = {
			isa = PBXSourcesBuildPhase;
			buildActionMask = 2147483647;
			files = (
				B01FEDCC1F6A7C67005CF333 /* SecondViewController.swift in Sources */,
				B0E30C111F55520200DBD08C /* ViewController.swift in Sources */,
				B016F4E11F6A2DC700BE4CD3 /* DemonstrationResources.swift in Sources */,
				B0E30C0F1F55520200DBD08C /* AppDelegate.swift in Sources */,
			);
			runOnlyForDeploymentPostprocessing = 0;
		};
/* End PBXSourcesBuildPhase section */

/* Begin PBXTargetDependency section */
		B03FB7AE1F5702D0008A356C /* PBXTargetDependency */ = {
			isa = PBXTargetDependency;
			target = B0E30BF71F55480C00DBD08C /* CIComponentKit */;
			targetProxy = B03FB7AD1F5702D0008A356C /* PBXContainerItemProxy */;
		};
/* End PBXTargetDependency section */

/* Begin PBXVariantGroup section */
		B0E30C121F55520200DBD08C /* Main.storyboard */ = {
			isa = PBXVariantGroup;
			children = (
				B0E30C131F55520200DBD08C /* Base */,
			);
			name = Main.storyboard;
			sourceTree = "<group>";
		};
		B0E30C171F55520200DBD08C /* LaunchScreen.storyboard */ = {
			isa = PBXVariantGroup;
			children = (
				B0E30C181F55520200DBD08C /* Base */,
			);
			name = LaunchScreen.storyboard;
			sourceTree = "<group>";
		};
/* End PBXVariantGroup section */

/* Begin XCBuildConfiguration section */
		B0E30BFE1F55480C00DBD08C /* Debug */ = {
			isa = XCBuildConfiguration;
			buildSettings = {
				ALWAYS_SEARCH_USER_PATHS = NO;
				CLANG_ANALYZER_NONNULL = YES;
				CLANG_ANALYZER_NUMBER_OBJECT_CONVERSION = YES_AGGRESSIVE;
				CLANG_CXX_LANGUAGE_STANDARD = "gnu++0x";
				CLANG_CXX_LIBRARY = "libc++";
				CLANG_ENABLE_MODULES = YES;
				CLANG_ENABLE_OBJC_ARC = YES;
				CLANG_WARN_BOOL_CONVERSION = YES;
				CLANG_WARN_CONSTANT_CONVERSION = YES;
				CLANG_WARN_DIRECT_OBJC_ISA_USAGE = YES_ERROR;
				CLANG_WARN_DOCUMENTATION_COMMENTS = YES;
				CLANG_WARN_EMPTY_BODY = YES;
				CLANG_WARN_ENUM_CONVERSION = YES;
				CLANG_WARN_INFINITE_RECURSION = YES;
				CLANG_WARN_INT_CONVERSION = YES;
				CLANG_WARN_OBJC_ROOT_CLASS = YES_ERROR;
				CLANG_WARN_SUSPICIOUS_MOVE = YES;
				CLANG_WARN_UNREACHABLE_CODE = YES;
				CLANG_WARN__DUPLICATE_METHOD_MATCH = YES;
				"CODE_SIGN_IDENTITY[sdk=iphoneos*]" = "iPhone Developer";
				COPY_PHASE_STRIP = NO;
				CURRENT_PROJECT_VERSION = 1;
				DEBUG_INFORMATION_FORMAT = dwarf;
				ENABLE_STRICT_OBJC_MSGSEND = YES;
				ENABLE_TESTABILITY = YES;
				GCC_C_LANGUAGE_STANDARD = gnu99;
				GCC_DYNAMIC_NO_PIC = NO;
				GCC_NO_COMMON_BLOCKS = YES;
				GCC_OPTIMIZATION_LEVEL = 0;
				GCC_PREPROCESSOR_DEFINITIONS = (
					"DEBUG=1",
					"$(inherited)",
				);
				GCC_WARN_64_TO_32_BIT_CONVERSION = YES;
				GCC_WARN_ABOUT_RETURN_TYPE = YES_ERROR;
				GCC_WARN_UNDECLARED_SELECTOR = YES;
				GCC_WARN_UNINITIALIZED_AUTOS = YES_AGGRESSIVE;
				GCC_WARN_UNUSED_FUNCTION = YES;
				GCC_WARN_UNUSED_VARIABLE = YES;
				IPHONEOS_DEPLOYMENT_TARGET = 10.3;
				MTL_ENABLE_DEBUG_INFO = YES;
				ONLY_ACTIVE_ARCH = YES;
				SDKROOT = iphoneos;
				SWIFT_ACTIVE_COMPILATION_CONDITIONS = DEBUG;
				SWIFT_OPTIMIZATION_LEVEL = "-Onone";
				TARGETED_DEVICE_FAMILY = "1,2";
				VERSIONING_SYSTEM = "apple-generic";
				VERSION_INFO_PREFIX = "";
			};
			name = Debug;
		};
		B0E30BFF1F55480C00DBD08C /* Release */ = {
			isa = XCBuildConfiguration;
			buildSettings = {
				ALWAYS_SEARCH_USER_PATHS = NO;
				CLANG_ANALYZER_NONNULL = YES;
				CLANG_ANALYZER_NUMBER_OBJECT_CONVERSION = YES_AGGRESSIVE;
				CLANG_CXX_LANGUAGE_STANDARD = "gnu++0x";
				CLANG_CXX_LIBRARY = "libc++";
				CLANG_ENABLE_MODULES = YES;
				CLANG_ENABLE_OBJC_ARC = YES;
				CLANG_WARN_BOOL_CONVERSION = YES;
				CLANG_WARN_CONSTANT_CONVERSION = YES;
				CLANG_WARN_DIRECT_OBJC_ISA_USAGE = YES_ERROR;
				CLANG_WARN_DOCUMENTATION_COMMENTS = YES;
				CLANG_WARN_EMPTY_BODY = YES;
				CLANG_WARN_ENUM_CONVERSION = YES;
				CLANG_WARN_INFINITE_RECURSION = YES;
				CLANG_WARN_INT_CONVERSION = YES;
				CLANG_WARN_OBJC_ROOT_CLASS = YES_ERROR;
				CLANG_WARN_SUSPICIOUS_MOVE = YES;
				CLANG_WARN_UNREACHABLE_CODE = YES;
				CLANG_WARN__DUPLICATE_METHOD_MATCH = YES;
				"CODE_SIGN_IDENTITY[sdk=iphoneos*]" = "iPhone Developer";
				COPY_PHASE_STRIP = NO;
				CURRENT_PROJECT_VERSION = 1;
				DEBUG_INFORMATION_FORMAT = "dwarf-with-dsym";
				ENABLE_NS_ASSERTIONS = NO;
				ENABLE_STRICT_OBJC_MSGSEND = YES;
				GCC_C_LANGUAGE_STANDARD = gnu99;
				GCC_NO_COMMON_BLOCKS = YES;
				GCC_WARN_64_TO_32_BIT_CONVERSION = YES;
				GCC_WARN_ABOUT_RETURN_TYPE = YES_ERROR;
				GCC_WARN_UNDECLARED_SELECTOR = YES;
				GCC_WARN_UNINITIALIZED_AUTOS = YES_AGGRESSIVE;
				GCC_WARN_UNUSED_FUNCTION = YES;
				GCC_WARN_UNUSED_VARIABLE = YES;
				IPHONEOS_DEPLOYMENT_TARGET = 10.3;
				MTL_ENABLE_DEBUG_INFO = NO;
				SDKROOT = iphoneos;
				SWIFT_OPTIMIZATION_LEVEL = "-Owholemodule";
				TARGETED_DEVICE_FAMILY = "1,2";
				VALIDATE_PRODUCT = YES;
				VERSIONING_SYSTEM = "apple-generic";
				VERSION_INFO_PREFIX = "";
			};
			name = Release;
		};
		B0E30C011F55480C00DBD08C /* Debug */ = {
			isa = XCBuildConfiguration;
			buildSettings = {
				CLANG_ENABLE_MODULES = YES;
				CODE_SIGN_IDENTITY = "";
				"CODE_SIGN_IDENTITY[sdk=iphoneos*]" = "iPhone Developer";
				DEFINES_MODULE = YES;
				DEVELOPMENT_TEAM = 67442AUEW4;
				DYLIB_COMPATIBILITY_VERSION = 1;
				DYLIB_CURRENT_VERSION = 1;
				DYLIB_INSTALL_NAME_BASE = "@rpath";
				INFOPLIST_FILE = CIComponentKit/Info.plist;
				INSTALL_PATH = "$(LOCAL_LIBRARY_DIR)/Frameworks";
				LD_RUNPATH_SEARCH_PATHS = "$(inherited) @executable_path/Frameworks @loader_path/Frameworks";
				PRODUCT_BUNDLE_IDENTIFIER = com.codeinventor.group.CIComponentKit;
				PRODUCT_NAME = "$(TARGET_NAME)";
				PROVISIONING_PROFILE_SPECIFIER = "";
				SKIP_INSTALL = YES;
				SWIFT_OPTIMIZATION_LEVEL = "-Onone";
				SWIFT_VERSION = 3.0;
			};
			name = Debug;
		};
		B0E30C021F55480C00DBD08C /* Release */ = {
			isa = XCBuildConfiguration;
			buildSettings = {
				CLANG_ENABLE_MODULES = YES;
				CODE_SIGN_IDENTITY = "";
				"CODE_SIGN_IDENTITY[sdk=iphoneos*]" = "iPhone Developer";
				DEFINES_MODULE = YES;
				DEVELOPMENT_TEAM = 67442AUEW4;
				DYLIB_COMPATIBILITY_VERSION = 1;
				DYLIB_CURRENT_VERSION = 1;
				DYLIB_INSTALL_NAME_BASE = "@rpath";
				INFOPLIST_FILE = CIComponentKit/Info.plist;
				INSTALL_PATH = "$(LOCAL_LIBRARY_DIR)/Frameworks";
				LD_RUNPATH_SEARCH_PATHS = "$(inherited) @executable_path/Frameworks @loader_path/Frameworks";
				PRODUCT_BUNDLE_IDENTIFIER = com.codeinventor.group.CIComponentKit;
				PRODUCT_NAME = "$(TARGET_NAME)";
				PROVISIONING_PROFILE_SPECIFIER = "";
				SKIP_INSTALL = YES;
				SWIFT_VERSION = 3.0;
			};
			name = Release;
		};
		B0E30C1C1F55520300DBD08C /* Debug */ = {
			isa = XCBuildConfiguration;
			buildSettings = {
				ASSETCATALOG_COMPILER_APPICON_NAME = AppIcon;
				DEVELOPMENT_TEAM = 67442AUEW4;
				INFOPLIST_FILE = CIComponentKitDemo/Info.plist;
				LD_RUNPATH_SEARCH_PATHS = "$(inherited) @executable_path/Frameworks";
				PRODUCT_BUNDLE_IDENTIFIER = com.codeinventor.group.CIComponentKitDemo;
				PRODUCT_NAME = "$(TARGET_NAME)";
				SWIFT_VERSION = 3.0;
			};
			name = Debug;
		};
		B0E30C1D1F55520300DBD08C /* Release */ = {
			isa = XCBuildConfiguration;
			buildSettings = {
				ASSETCATALOG_COMPILER_APPICON_NAME = AppIcon;
				DEVELOPMENT_TEAM = 67442AUEW4;
				INFOPLIST_FILE = CIComponentKitDemo/Info.plist;
				LD_RUNPATH_SEARCH_PATHS = "$(inherited) @executable_path/Frameworks";
				PRODUCT_BUNDLE_IDENTIFIER = com.codeinventor.group.CIComponentKitDemo;
				PRODUCT_NAME = "$(TARGET_NAME)";
				SWIFT_VERSION = 3.0;
			};
			name = Release;
		};
/* End XCBuildConfiguration section */

/* Begin XCConfigurationList section */
		B0E30BF21F55480C00DBD08C /* Build configuration list for PBXProject "CIComponentKit" */ = {
			isa = XCConfigurationList;
			buildConfigurations = (
				B0E30BFE1F55480C00DBD08C /* Debug */,
				B0E30BFF1F55480C00DBD08C /* Release */,
			);
			defaultConfigurationIsVisible = 0;
			defaultConfigurationName = Release;
		};
		B0E30C001F55480C00DBD08C /* Build configuration list for PBXNativeTarget "CIComponentKit" */ = {
			isa = XCConfigurationList;
			buildConfigurations = (
				B0E30C011F55480C00DBD08C /* Debug */,
				B0E30C021F55480C00DBD08C /* Release */,
			);
			defaultConfigurationIsVisible = 0;
			defaultConfigurationName = Release;
		};
		B0E30C1B1F55520300DBD08C /* Build configuration list for PBXNativeTarget "CIComponentKitDemo" */ = {
			isa = XCConfigurationList;
			buildConfigurations = (
				B0E30C1C1F55520300DBD08C /* Debug */,
				B0E30C1D1F55520300DBD08C /* Release */,
			);
			defaultConfigurationIsVisible = 0;
			defaultConfigurationName = Release;
		};
/* End XCConfigurationList section */
	};
	rootObject = B0E30BEF1F55480C00DBD08C /* Project object */;
}
